
Microsoft Visual Studio Solution File, Format Version 12.00
# Visual Studio Version 17
VisualStudioVersion = 17.0.31903.59
MinimumVisualStudioVersion = 10.0.40219.1
Project("{FAE04EC0-301F-11D3-BF4B-00C04F79EFBC}") = "CCZModStudio", "CCZModStudio\CCZModStudio.csproj", "{CC157E0E-CB5D-464F-A3A2-476669A0AF7D}"
EndProject
Project("{FAE04EC0-301F-11D3-BF4B-00C04F79EFBC}") = "CCZModStudio.SmokeTests", "CCZModStudio.SmokeTests\CCZModStudio.SmokeTests.csproj", "{4C87D205-864F-4F82-974B-7A6B1EB20FDF}"
EndProject
Project("{FAE04EC0-301F-11D3-BF4B-00C04F79EFBC}") = "CCZModStudio.Runtime", "CCZModStudio.Runtime\CCZModStudio.Runtime.csproj", "{F39EEB79-4191-4123-B142-48082A2DFB89}"
EndProject
Project("{FAE04EC0-301F-11D3-BF4B-00C04F79EFBC}") = "CCZModStudio.McpServer", "CCZModStudio.McpServer\CCZModStudio.McpServer.csproj", "{80D9A082-3F62-48C2-A32D-4A32751F53F6}"
EndProject
Project("{FAE04EC0-301F-11D3-BF4B-00C04F79EFBC}") = "CCZModStudio.LiuBeiInitializer", "CCZModStudio.LiuBeiInitializer\CCZModStudio.LiuBeiInitializer.csproj", "{AB588A53-B7DF-4E24-8121-927B4084CC6C}"
EndProject
Global
	GlobalSection(SolutionConfigurationPlatforms) = preSolution
		Debug|Any CPU = Debug|Any CPU
		Release|Any CPU = Release|Any CPU
	EndGlobalSection
	GlobalSection(ProjectConfigurationPlatforms) = postSolution
		{CC157E0E-CB5D-464F-A3A2-476669A0AF7D}.Debug|Any CPU.ActiveCfg = Debug|Any CPU
		{CC157E0E-CB5D-464F-A3A2-476669A0AF7D}.Debug|Any CPU.Build.0 = Debug|Any CPU
		{CC157E0E-CB5D-464F-A3A2-476669A0AF7D}.Release|Any CPU.ActiveCfg = Release|Any CPU
		{CC157E0E-CB5D-464F-A3A2-476669A0AF7D}.Release|Any CPU.Build.0 = Release|Any CPU
		{4C87D205-864F-4F82-974B-7A6B1EB20FDF}.Debug|Any CPU.ActiveCfg = Debug|Any CPU
		{4C87D205-864F-4F82-974B-7A6B1EB20FDF}.Debug|Any CPU.Build.0 = Debug|Any CPU
		{4C87D205-864F-4F82-974B-7A6B1EB20FDF}.Release|Any CPU.ActiveCfg = Release|Any CPU
		{4C87D205-864F-4F82-974B-7A6B1EB20FDF}.Release|Any CPU.Build.0 = Release|Any CPU
		{F39EEB79-4191-4123-B142-48082A2DFB89}.Debug|Any CPU.ActiveCfg = Debug|Any CPU
		{F39EEB79-4191-4123-B142-48082A2DFB89}.Debug|Any CPU.Build.0 = Debug|Any CPU
		{F39EEB79-4191-4123-B142-48082A2DFB89}.Release|Any CPU.ActiveCfg = Release|Any CPU
		{F39EEB79-4191-4123-B142-48082A2DFB89}.Release|Any CPU.Build.0 = Release|Any CPU
		{80D9A082-3F62-48C2-A32D-4A32751F53F6}.Debug|Any CPU.ActiveCfg = Debug|Any CPU
		{80D9A082-3F62-48C2-A32D-4A32751F53F6}.Debug|Any CPU.Build.0 = Debug|Any CPU
		{80D9A082-3F62-48C2-A32D-4A32751F53F6}.Release|Any CPU.ActiveCfg = Release|Any CPU
		{80D9A082-3F62-48C2-A32D-4A32751F53F6}.Release|Any CPU.Build.0 = Release|Any CPU
		{AB588A53-B7DF-4E24-8121-927B4084CC6C}.Debug|Any CPU.ActiveCfg = Debug|Any CPU
		{AB588A53-B7DF-4E24-8121-927B4084CC6C}.Debug|Any CPU.Build.0 = Debug|Any CPU
		{AB588A53-B7DF-4E24-8121-927B4084CC6C}.Release|Any CPU.ActiveCfg = Release|Any CPU
		{AB588A53-B7DF-4E24-8121-927B4084CC6C}.Release|Any CPU.Build.0 = Release|Any CPU
	EndGlobalSection
	GlobalSection(SolutionProperties) = preSolution
		HideSolutionNode = FALSE
	EndGlobalSection
	GlobalSection(ExtensibilityGlobals) = postSolution
		SolutionGuid = {257B03F3-53F4-4A4D-A0B2-DF293D7FE7CC}
	EndGlobalSection
EndGlobal
