
Microsoft Visual Studio Solution File, Format Version 12.00
# Visual Studio Version 16
VisualStudioVersion = 16.0.32002.261
MinimumVisualStudioVersion = 10.0.40219.1
Project("{8BC9CEB8-8B4A-11D0-8D11-00A0C91BC942}") = "cczEditor2", "cczEditor2\cczEditor2.vcxproj", "{A7130354-CDBE-43A5-A34F-DC5A2DD1F8C3}"
EndProject
Global
	GlobalSection(SolutionConfigurationPlatforms) = preSolution
		Debug|x64 = Debug|x64
		Debug|x86 = Debug|x86
		Release|x64 = Release|x64
		Release|x86 = Release|x86
	EndGlobalSection
	GlobalSection(ProjectConfigurationPlatforms) = postSolution
		{A7130354-CDBE-43A5-A34F-DC5A2DD1F8C3}.Debug|x64.ActiveCfg = Debug|x64
		{A7130354-CDBE-43A5-A34F-DC5A2DD1F8C3}.Debug|x64.Build.0 = Debug|x64
		{A7130354-CDBE-43A5-A34F-DC5A2DD1F8C3}.Debug|x86.ActiveCfg = Debug|Win32
		{A7130354-CDBE-43A5-A34F-DC5A2DD1F8C3}.Debug|x86.Build.0 = Debug|Win32
		{A7130354-CDBE-43A5-A34F-DC5A2DD1F8C3}.Release|x64.ActiveCfg = Release|x64
		{A7130354-CDBE-43A5-A34F-DC5A2DD1F8C3}.Release|x64.Build.0 = Release|x64
		{A7130354-CDBE-43A5-A34F-DC5A2DD1F8C3}.Release|x86.ActiveCfg = Release|Win32
		{A7130354-CDBE-43A5-A34F-DC5A2DD1F8C3}.Release|x86.Build.0 = Release|Win32
	EndGlobalSection
	GlobalSection(SolutionProperties) = preSolution
		HideSolutionNode = FALSE
	EndGlobalSection
	GlobalSection(ExtensibilityGlobals) = postSolution
		SolutionGuid = {48FD68E6-1B5C-44F3-8E36-81E0E6FC8E13}
	EndGlobalSection
EndGlobal
